<?xml version="1.0" encoding="utf-8"?>
<Project ToolsVersion="4.0" xmlns="http://schemas.microsoft.com/developer/msbuild/2003">
  <ItemGroup>
    <Filter Include="Source Files">
      <UniqueIdentifier>{4FC737F1-C7A5-4376-A066-2A32D752A2FF}</UniqueIdentifier>
      <Extensions>cpp;c;cc;cxx;def;odl;idl;hpj;bat;asm;asmx</Extensions>
    </Filter>
    <Filter Include="Header Files">
      <UniqueIdentifier>{93995380-89BD-4b04-88EB-625FBE52EBFB}</UniqueIdentifier>
      <Extensions>h;hh;hpp;hxx;hm;inl;inc;xsd</Extensions>
    </Filter>
    <Filter Include="Resource Files">
      <UniqueIdentifier>{67DA6AB6-F800-4c08-8B7A-83BB121AAD01}</UniqueIdentifier>
      <Extensions>rc;ico;cur;bmp;dlg;rc2;rct;bin;rgs;gif;jpg;jpeg;jpe;resx;tiff;tif;png;wav;mfcribbon-ms</Extensions>
    </Filter>
    <Filter Include="Header Files\Components">
      <UniqueIdentifier>{08d2f1d3-9c7c-42fc-b406-f2e69111da31}</UniqueIdentifier>
    </Filter>
    <Filter Include="Header Files\Systems">
      <UniqueIdentifier>{4df9680d-4550-4f0e-abf2-10a95d3ca6e6}</UniqueIdentifier>
    </Filter>
    <Filter Include="Header Files\Core">
      <UniqueIdentifier>{0b4d525e-7bce-4d25-a102-37b2750ab5de}</UniqueIdentifier>
    </Filter>
    <Filter Include="Source Files\Components">
      <UniqueIdentifier>{d478bd82-1c0b-4982-a284-6c91472bd5a0}</UniqueIdentifier>
    </Filter>
    <Filter Include="Source Files\Systems">
      <UniqueIdentifier>{dae91f64-8e07-4b8d-887a-51b9e21a244f}</UniqueIdentifier>
    </Filter>
    <Filter Include="Source Files\Core">
      <UniqueIdentifier>{c1e1e204-d16b-4cdb-8b97-6ad2a1e44de6}</UniqueIdentifier>
    </Filter>
    <Filter Include="Header Files\Managers">
      <UniqueIdentifier>{104ff530-6c06-4b79-87c9-7dd249b1664e}</UniqueIdentifier>
    </Filter>
    <Filter Include="Source Files\Managers">
      <UniqueIdentifier>{9e47e161-5c59-4ffb-8ef6-78a751e046d7}</UniqueIdentifier>
    </Filter>
  </ItemGroup>
  <ItemGroup>
    <ClInclude Include="include\components\expires.h">
      <Filter>Header Files\Components</Filter>
    </ClInclude>
    <ClInclude Include="include\application.h">
      <Filter>Header Files\Core</Filter>
    </ClInclude>
    <ClInclude Include="include\DEBUG.h">
      <Filter>Header Files\Core</Filter>
    </ClInclude>
    <ClInclude Include="include\core\environment.h">
      <Filter>Header Files\Core</Filter>
    </ClInclude>
    <ClInclude Include="include\systems\expiring_system.h">
      <Filter>Header Files\Systems</Filter>
    </ClInclude>
    <ClInclude Include="include\components\gun.h">
      <Filter>Header Files\Components</Filter>
    </ClInclude>
    <ClInclude Include="include\components\health.h">
      <Filter>Header Files\Components</Filter>
    </ClInclude>
    <ClInclude Include="include\systems\input_system.h">
      <Filter>Header Files\Systems</Filter>
    </ClInclude>
    <ClInclude Include="include\systems\physics_system.h">
      <Filter>Header Files\Systems</Filter>
    </ClInclude>
    <ClInclude Include="include\components\projectile.h">
      <Filter>Header Files\Components</Filter>
    </ClInclude>
    <ClInclude Include="include\components\render_properties.h">
      <Filter>Header Files\Components</Filter>
    </ClInclude>
    <ClInclude Include="include\systems\render_system.h">
      <Filter>Header Files\Systems</Filter>
    </ClInclude>
    <ClInclude Include="include\components\tank_controls.h">
      <Filter>Header Files\Components</Filter>
    </ClInclude>
    <ClInclude Include="include\components\texture_handle.h">
      <Filter>Header Files\Components</Filter>
    </ClInclude>
    <ClInclude Include="include\components\transform.h">
      <Filter>Header Files\Components</Filter>
    </ClInclude>
    <ClInclude Include="include\utils.h">
      <Filter>Header Files\Core</Filter>
    </ClInclude>
    <ClInclude Include="include\components\velocity.h">
      <Filter>Header Files\Components</Filter>
    </ClInclude>
    <ClInclude Include="include\components\UserInterface.h">
      <Filter>Header Files\Components</Filter>
    </ClInclude>
    <ClInclude Include="include\systems\UI_System.h">
      <Filter>Header Files\Systems</Filter>
    </ClInclude>
    <ClInclude Include="include\components\GUIObj.h">
      <Filter>Header Files\Components</Filter>
    </ClInclude>
    <ClInclude Include="include\Components.h">
      <Filter>Header Files\Core</Filter>
    </ClInclude>
    <ClInclude Include="include\systems\view_system.h">
      <Filter>Header Files\Systems</Filter>
    </ClInclude>
    <ClInclude Include="include\components\map_desc.h">
      <Filter>Header Files\Components</Filter>
    </ClInclude>
    <ClInclude Include="include\components\VertexArray.h">
      <Filter>Header Files\Components</Filter>
    </ClInclude>
    <ClInclude Include="include\components\ViewController.h">
      <Filter>Header Files\Components</Filter>
    </ClInclude>
    <ClInclude Include="include\components\sprite.h">
      <Filter>Header Files\Components</Filter>
    </ClInclude>
    <ClInclude Include="include\components\texture.h">
      <Filter>Header Files\Components</Filter>
    </ClInclude>
    <ClInclude Include="include\Systems.h">
      <Filter>Header Files\Core</Filter>
    </ClInclude>
    <ClInclude Include="include\components\Label.h">
      <Filter>Header Files\Components</Filter>
    </ClInclude>
    <ClInclude Include="include\math\vector.h">
      <Filter>Header Files\Core</Filter>
    </ClInclude>
    <ClInclude Include="include\components\solid.h">
      <Filter>Header Files\Components</Filter>
    </ClInclude>
    <ClInclude Include="include\components\tilemap.h">
      <Filter>Header Files\Components</Filter>
    </ClInclude>
    <ClInclude Include="include\components\bounding_box.h">
      <Filter>Header Files\Components</Filter>
    </ClInclude>
    <ClInclude Include="include\Managers.h">
      <Filter>Header Files\Core</Filter>
    </ClInclude>
    <ClInclude Include="include\systems\damage_system.h">
      <Filter>Header Files\Systems</Filter>
    </ClInclude>
    <ClInclude Include="include\events.h">
      <Filter>Header Files\Core</Filter>
    </ClInclude>
    <ClInclude Include="include\managers\CPU_Manager.h">
      <Filter>Header Files\Managers</Filter>
    </ClInclude>
    <ClInclude Include="include\managers\entity_manager.h">
      <Filter>Header Files\Managers</Filter>
    </ClInclude>
    <ClInclude Include="include\managers\InputControls_Mgr.h">
      <Filter>Header Files\Managers</Filter>
    </ClInclude>
    <ClInclude Include="include\managers\map_loader.h">
      <Filter>Header Files\Managers</Filter>
    </ClInclude>
    <ClInclude Include="include\managers\texture_manager.h">
      <Filter>Header Files\Managers</Filter>
    </ClInclude>
    <ClInclude Include="include\managers\UI_Manager.h">
      <Filter>Header Files\Managers</Filter>
    </ClInclude>
    <ClInclude Include="include\systems\HUD_System.h">
      <Filter>Header Files\Systems</Filter>
    </ClInclude>
    <ClInclude Include="include\components\Score.h">
      <Filter>Header Files\Components</Filter>
    </ClInclude>
    <ClInclude Include="include\systems\score_system.h">
      <Filter>Header Files\Systems</Filter>
    </ClInclude>
    <ClInclude Include="include\systems\network_system.h">
      <Filter>Header Files\Systems</Filter>
    </ClInclude>
  </ItemGroup>
  <ItemGroup>
    <ClCompile Include="src\components\expires.cpp">
      <Filter>Source Files\Components</Filter>
    </ClCompile>
    <ClCompile Include="src\systems\expiring_system.cpp">
      <Filter>Source Files\Systems</Filter>
    </ClCompile>
    <ClCompile Include="src\components\gun.cpp">
      <Filter>Source Files\Components</Filter>
    </ClCompile>
    <ClCompile Include="src\components\health.cpp">
      <Filter>Source Files\Components</Filter>
    </ClCompile>
    <ClCompile Include="src\systems\input_system.cpp">
      <Filter>Source Files\Systems</Filter>
    </ClCompile>
    <ClCompile Include="src\systems\physics_system.cpp">
      <Filter>Source Files\Systems</Filter>
    </ClCompile>
    <ClCompile Include="src\components\projectile.cpp">
      <Filter>Source Files\Components</Filter>
    </ClCompile>
    <ClCompile Include="src\systems\render_system.cpp">
      <Filter>Source Files\Systems</Filter>
    </ClCompile>
    <ClCompile Include="src\components\tank_controls.cpp">
      <Filter>Source Files\Components</Filter>
    </ClCompile>
    <ClCompile Include="src\components\transform.cpp">
      <Filter>Source Files\Components</Filter>
    </ClCompile>
    <ClCompile Include="src\components\velocity.cpp">
      <Filter>Source Files\Components</Filter>
    </ClCompile>
    <ClCompile Include="src\application.cpp">
      <Filter>Source Files\Core</Filter>
    </ClCompile>
    <ClCompile Include="src\main.cpp">
      <Filter>Source Files\Core</Filter>
    </ClCompile>
    <ClCompile Include="src\components\UserInterface.cpp">
      <Filter>Source Files\Components</Filter>
    </ClCompile>
    <ClCompile Include="src\components\GUIObj.cpp">
      <Filter>Source Files\Components</Filter>
    </ClCompile>
    <ClCompile Include="src\systems\view_system.cpp">
      <Filter>Source Files\Systems</Filter>
    </ClCompile>
    <ClCompile Include="src\components\tilemap.cpp">
      <Filter>Source Files\Components</Filter>
    </ClCompile>
    <ClCompile Include="src\components\ViewController.cpp">
      <Filter>Source Files\Components</Filter>
    </ClCompile>
    <ClCompile Include="src\components\VertexArray.cpp">
      <Filter>Source Files\Components</Filter>
    </ClCompile>
    <ClCompile Include="src\components\sprite.cpp">
      <Filter>Source Files\Components</Filter>
    </ClCompile>
    <ClCompile Include="src\components\texture.cpp">
      <Filter>Source Files\Components</Filter>
    </ClCompile>
    <ClCompile Include="src\components\Label.cpp">
      <Filter>Source Files\Components</Filter>
    </ClCompile>
    <ClCompile Include="src\components\bounding_box.cpp">
      <Filter>Source Files\Components</Filter>
    </ClCompile>
    <ClCompile Include="src\systems\damage_system.cpp">
      <Filter>Source Files\Systems</Filter>
    </ClCompile>
    <ClCompile Include="src\components\solid.cpp">
      <Filter>Source Files\Components</Filter>
    </ClCompile>
    <ClCompile Include="src\systems\UI_System.cpp">
      <Filter>Source Files\Systems</Filter>
    </ClCompile>
    <ClCompile Include="src\systems\HUD_System.cpp">
      <Filter>Source Files\Systems</Filter>
    </ClCompile>
    <ClCompile Include="src\managers\UI_Manager.cpp">
      <Filter>Source Files\Managers</Filter>
    </ClCompile>
    <ClCompile Include="src\managers\CPU_Manager.cpp">
      <Filter>Source Files\Managers</Filter>
    </ClCompile>
    <ClCompile Include="src\managers\entity_manager.cpp">
      <Filter>Source Files\Managers</Filter>
    </ClCompile>
    <ClCompile Include="src\managers\InputControls_Mgr.cpp">
      <Filter>Source Files\Managers</Filter>
    </ClCompile>
    <ClCompile Include="src\managers\map_loader.cpp">
      <Filter>Source Files\Managers</Filter>
    </ClCompile>
    <ClCompile Include="src\managers\texture_manager.cpp">
      <Filter>Source Files\Managers</Filter>
    </ClCompile>
    <ClCompile Include="src\components\Score.cpp">
      <Filter>Source Files\Components</Filter>
    </ClCompile>
    <ClCompile Include="src\systems\score_system.cpp">
      <Filter>Source Files\Systems</Filter>
    </ClCompile>
    <ClCompile Include="src\systems\network_system.cpp">
      <Filter>Source Files\Systems</Filter>
    </ClCompile>
  </ItemGroup>
  <ItemGroup>
    <Font Include="res\arial.ttf">
      <Filter>Resource Files</Filter>
    </Font>
  </ItemGroup>
  <ItemGroup>
    <None Include="res\blur.frag">
      <Filter>Resource Files</Filter>
    </None>
    <None Include="res\blur.vert">
      <Filter>Resource Files</Filter>
    </None>
  </ItemGroup>
  <ItemGroup>
    <Image Include="res\Bullet_0.png">
      <Filter>Resource Files</Filter>
    </Image>
    <Image Include="res\Tank_0.png">
      <Filter>Resource Files</Filter>
    </Image>
    <Image Include="res\Tilesheet.png">
      <Filter>Resource Files</Filter>
    </Image>
    <Image Include="res\Tank_Body.png">
      <Filter>Resource Files</Filter>
    </Image>
    <Image Include="res\Tank_Gun.png">
      <Filter>Resource Files</Filter>
    </Image>
  </ItemGroup>
</Project>