<?xml version="1.0" encoding="utf-8"?>
<Project ToolsVersion="4.0" xmlns="http://schemas.microsoft.com/developer/msbuild/2003">
  <ItemGroup>
    <Filter Include="Source Files">
      <UniqueIdentifier>{4FC737F1-C7A5-4376-A066-2A32D752A2FF}</UniqueIdentifier>
      <Extensions>cpp;c;cc;cxx;def;odl;idl;hpj;bat;asm;asmx</Extensions>
    </Filter>
    <Filter Include="Header Files">
      <UniqueIdentifier>{93995380-89BD-4b04-88EB-625FBE52EBFB}</UniqueIdentifier>
      <Extensions>h;hh;hpp;hxx;hm;inl;inc;xsd</Extensions>
    </Filter>
    <Filter Include="Resource Files">
      <UniqueIdentifier>{67DA6AB6-F800-4c08-8B7A-83BB121AAD01}</UniqueIdentifier>
      <Extensions>rc;ico;cur;bmp;dlg;rc2;rct;bin;rgs;gif;jpg;jpeg;jpe;resx;tiff;tif;png;wav;mfcribbon-ms</Extensions>
    </Filter>
  </ItemGroup>
  <ItemGroup>
    <ClInclude Include="include\application.h">
      <Filter>Header Files</Filter>
    </ClInclude>
    <ClInclude Include="include\systems\expiring_system.h">
      <Filter>Header Files</Filter>
    </ClInclude>
    <ClInclude Include="include\systems\input_system.h">
      <Filter>Header Files</Filter>
    </ClInclude>
    <ClInclude Include="include\systems\physics_system.h">
      <Filter>Header Files</Filter>
    </ClInclude>
    <ClInclude Include="include\systems\render_system.h">
      <Filter>Header Files</Filter>
    </ClInclude>
    <ClInclude Include="include\systems\texture_manager.h">
      <Filter>Header Files</Filter>
    </ClInclude>
    <ClInclude Include="include\core\environment.h">
      <Filter>Header Files</Filter>
    </ClInclude>
    <ClInclude Include="include\components\bounding_circle.h">
      <Filter>Header Files</Filter>
    </ClInclude>
    <ClInclude Include="include\components\expires.h">
      <Filter>Header Files</Filter>
    </ClInclude>
    <ClInclude Include="include\components\gun.h">
      <Filter>Header Files</Filter>
    </ClInclude>
    <ClInclude Include="include\components\health.h">
      <Filter>Header Files</Filter>
    </ClInclude>
    <ClInclude Include="include\components\render_properties.h">
      <Filter>Header Files</Filter>
    </ClInclude>
    <ClInclude Include="include\components\tank_controls.h">
      <Filter>Header Files</Filter>
    </ClInclude>
    <ClInclude Include="include\components\texture_handle.h">
      <Filter>Header Files</Filter>
    </ClInclude>
    <ClInclude Include="include\components\transform.h">
      <Filter>Header Files</Filter>
    </ClInclude>
    <ClInclude Include="include\components\velocity.h">
      <Filter>Header Files</Filter>
    </ClInclude>
    <ClInclude Include="include\components\MouseControls.h">
      <Filter>Header Files</Filter>
    </ClInclude>
    <ClInclude Include="Components.h">
      <Filter>Header Files</Filter>
    </ClInclude>
    <ClInclude Include="include\DEBUG.h">
      <Filter>Header Files</Filter>
    </ClInclude>
    <ClInclude Include="include\components\projectile.h">
      <Filter>Header Files</Filter>
    </ClInclude>
    <ClInclude Include="UserInterface.h">
      <Filter>Header Files</Filter>
    </ClInclude>
    <ClInclude Include="include\utils.h">
      <Filter>Header Files</Filter>
    </ClInclude>
  </ItemGroup>
  <ItemGroup>
    <Image Include="..\..\Tank Game\Tank Game\Bullet_0.png">
      <Filter>Resource Files</Filter>
    </Image>
    <Image Include="..\..\Tank Game\Tank Game\Tank_0.png">
      <Filter>Resource Files</Filter>
    </Image>
    <Image Include="..\..\Tank Game\Tank Game\Tilesheet.png">
      <Filter>Resource Files</Filter>
    </Image>
    <Image Include="Button.png">
      <Filter>Resource Files</Filter>
    </Image>
  </ItemGroup>
  <ItemGroup>
    <ClCompile Include="src\application.cpp">
      <Filter>Source Files</Filter>
    </ClCompile>
    <ClCompile Include="src\main.cpp">
      <Filter>Source Files</Filter>
    </ClCompile>
    <ClCompile Include="src\systems\expiring_system.cpp">
      <Filter>Source Files</Filter>
    </ClCompile>
    <ClCompile Include="src\systems\input_system.cpp">
      <Filter>Source Files</Filter>
    </ClCompile>
    <ClCompile Include="src\systems\physics_system.cpp">
      <Filter>Source Files</Filter>
    </ClCompile>
    <ClCompile Include="src\systems\render_system.cpp">
      <Filter>Source Files</Filter>
    </ClCompile>
    <ClCompile Include="src\systems\texture_manager.cpp">
      <Filter>Source Files</Filter>
    </ClCompile>
    <ClCompile Include="src\components\bounding_circle.cpp">
      <Filter>Source Files</Filter>
    </ClCompile>
    <ClCompile Include="src\components\expires.cpp">
      <Filter>Source Files</Filter>
    </ClCompile>
    <ClCompile Include="src\components\gun.cpp">
      <Filter>Source Files</Filter>
    </ClCompile>
    <ClCompile Include="src\components\health.cpp">
      <Filter>Source Files</Filter>
    </ClCompile>
    <ClCompile Include="src\components\render_properties.cpp">
      <Filter>Source Files</Filter>
    </ClCompile>
    <ClCompile Include="src\components\tank_controls.cpp">
      <Filter>Source Files</Filter>
    </ClCompile>
    <ClCompile Include="src\components\texture_handle.cpp">
      <Filter>Source Files</Filter>
    </ClCompile>
    <ClCompile Include="src\components\transform.cpp">
      <Filter>Source Files</Filter>
    </ClCompile>
    <ClCompile Include="src\components\velocity.cpp">
      <Filter>Source Files</Filter>
    </ClCompile>
    <ClCompile Include="src\components\MouseControls.cpp">
      <Filter>Source Files</Filter>
    </ClCompile>
    <ClCompile Include="src\components\projectile.cpp">
      <Filter>Source Files</Filter>
    </ClCompile>
    <ClCompile Include="UserInterface.cpp">
      <Filter>Source Files</Filter>
    </ClCompile>
  </ItemGroup>
</Project>