
Microsoft Visual Studio Solution File, Format Version 12.00
# Visual Studio Express 2013 for Windows Desktop
VisualStudioVersion = 12.0.30723.0
MinimumVisualStudioVersion = 10.0.40219.1
Project("{2150E333-8FDC-42A3-9474-1A3956D46DE8}") = "Solution Items", "Solution Items", "{07847144-1AA6-437D-B9ED-AF0CE36BB4A2}"
	ProjectSection(SolutionItems) = preProject
		GlobalObjMgr.cpp = GlobalObjMgr.cpp
		GlobalObjMgr.h = GlobalObjMgr.h
	EndProjectSection
EndProject
Project("{2150E333-8FDC-42A3-9474-1A3956D46DE8}") = "systems", "systems", "{A5238AFC-62E9-471D-8FCB-AD47528418F0}"
	ProjectSection(SolutionItems) = preProject
		include\systems\input_system.h = include\systems\input_system.h
		include\systems\movement_system.h = include\systems\movement_system.h
		include\systems\render_system.h = include\systems\render_system.h
		include\systems\texture_manager.h = include\systems\texture_manager.h
	EndProjectSection
EndProject
Project("{2150E333-8FDC-42A3-9474-1A3956D46DE8}") = "core", "core", "{951889D5-4EAF-40AC-A82A-CF555B355E61}"
	ProjectSection(SolutionItems) = preProject
		include\core\environment.h = include\core\environment.h
	EndProjectSection
EndProject
Project("{2150E333-8FDC-42A3-9474-1A3956D46DE8}") = "include", "include", "{869B4D7C-88A2-407A-95FA-7668500AB671}"
	ProjectSection(SolutionItems) = preProject
		include\application.h = include\application.h
	EndProjectSection
EndProject
Project("{2150E333-8FDC-42A3-9474-1A3956D46DE8}") = "components", "components", "{E329E353-EE78-47EE-8049-AF699D9FF32A}"
	ProjectSection(SolutionItems) = preProject
		include\components\bounding_circle.h = include\components\bounding_circle.h
		include\components\gun.h = include\components\gun.h
		include\components\health.h = include\components\health.h
		include\components\render_properties.h = include\components\render_properties.h
		include\components\sprite.h = include\components\sprite.h
		include\components\tank_controls.h = include\components\tank_controls.h
		include\components\texture_handle.h = include\components\texture_handle.h
		include\components\transform.h = include\components\transform.h
		include\components\velocity.h = include\components\velocity.h
	EndProjectSection
EndProject
Project("{2150E333-8FDC-42A3-9474-1A3956D46DE8}") = "src", "src", "{C8A8AEBE-B573-4811-BDCA-C4F936DE354D}"
	ProjectSection(SolutionItems) = preProject
		src\application.cpp = src\application.cpp
		include\application.h = include\application.h
		src\main.cpp = src\main.cpp
	EndProjectSection
EndProject
Project("{2150E333-8FDC-42A3-9474-1A3956D46DE8}") = "systems", "systems", "{5A26CD96-515E-489C-BED5-2C739D19763A}"
	ProjectSection(SolutionItems) = preProject
		src\systems\input_system.cpp = src\systems\input_system.cpp
		src\systems\movement_system.cpp = src\systems\movement_system.cpp
		src\systems\render_system.cpp = src\systems\render_system.cpp
		src\systems\texture_manager.cpp = src\systems\texture_manager.cpp
	EndProjectSection
EndProject
Project("{2150E333-8FDC-42A3-9474-1A3956D46DE8}") = "components", "components", "{C01F668F-7401-4BFF-B633-7ECB5FEA11CB}"
	ProjectSection(SolutionItems) = preProject
		src\components\bounding_circle.cpp = src\components\bounding_circle.cpp
		src\components\gun.cpp = src\components\gun.cpp
		src\components\health.cpp = src\components\health.cpp
		src\components\render_properties.cpp = src\components\render_properties.cpp
		src\components\sprite.cpp = src\components\sprite.cpp
		src\components\tank_controls.cpp = src\components\tank_controls.cpp
		src\components\texture_handle.cpp = src\components\texture_handle.cpp
		src\components\transform.cpp = src\components\transform.cpp
		src\components\velocity.cpp = src\components\velocity.cpp
	EndProjectSection
EndProject
Project("{2150E333-8FDC-42A3-9474-1A3956D46DE8}") = "Resources", "Resources", "{D3E2599A-D697-4815-964F-10BE9EDEB79A}"
	ProjectSection(SolutionItems) = preProject
		Bullet_0.png = Bullet_0.png
		Tank_0.png = Tank_0.png
		Tilesheet.png = Tilesheet.png
	EndProjectSection
EndProject
Global
	GlobalSection(SolutionProperties) = preSolution
		HideSolutionNode = FALSE
	EndGlobalSection
	GlobalSection(NestedProjects) = preSolution
		{A5238AFC-62E9-471D-8FCB-AD47528418F0} = {869B4D7C-88A2-407A-95FA-7668500AB671}
		{951889D5-4EAF-40AC-A82A-CF555B355E61} = {869B4D7C-88A2-407A-95FA-7668500AB671}
		{869B4D7C-88A2-407A-95FA-7668500AB671} = {07847144-1AA6-437D-B9ED-AF0CE36BB4A2}
		{E329E353-EE78-47EE-8049-AF699D9FF32A} = {869B4D7C-88A2-407A-95FA-7668500AB671}
		{C8A8AEBE-B573-4811-BDCA-C4F936DE354D} = {07847144-1AA6-437D-B9ED-AF0CE36BB4A2}
		{5A26CD96-515E-489C-BED5-2C739D19763A} = {C8A8AEBE-B573-4811-BDCA-C4F936DE354D}
		{C01F668F-7401-4BFF-B633-7ECB5FEA11CB} = {C8A8AEBE-B573-4811-BDCA-C4F936DE354D}
		{D3E2599A-D697-4815-964F-10BE9EDEB79A} = {C8A8AEBE-B573-4811-BDCA-C4F936DE354D}
	EndGlobalSection
EndGlobal
